
Microsoft Visual Studio Solution File, Format Version 12.00
# Visual Studio Version 16
VisualStudioVersion = 16.0.30225.117
MinimumVisualStudioVersion = 10.0.40219.1
Project("{9A19103F-16F7-4668-BE54-9A1E7A4F7556}") = "CelestialCatalogAPI", "CelestialCatalogAPI\CelestialCatalogAPI.csproj", "{078A6D7D-4892-433F-B2D5-40DA33C89AC6}"
EndProject
Project("{FAE04EC0-301F-11D3-BF4B-00C04F79EFBC}") = "CelestialCatalog.Tests", "CelestialCatalog.Tests\CelestialCatalog.Tests.csproj", "{784E9713-131C-4A1A-9D5A-F40017C7712F}"
EndProject
Global
	GlobalSection(SolutionConfigurationPlatforms) = preSolution
		Debug|Any CPU = Debug|Any CPU
		Release|Any CPU = Release|Any CPU
	EndGlobalSection
	GlobalSection(ProjectConfigurationPlatforms) = postSolution
		{078A6D7D-4892-433F-B2D5-40DA33C89AC6}.Debug|Any CPU.ActiveCfg = Debug|Any CPU
		{078A6D7D-4892-433F-B2D5-40DA33C89AC6}.Debug|Any CPU.Build.0 = Debug|Any CPU
		{078A6D7D-4892-433F-B2D5-40DA33C89AC6}.Release|Any CPU.ActiveCfg = Release|Any CPU
		{078A6D7D-4892-433F-B2D5-40DA33C89AC6}.Release|Any CPU.Build.0 = Release|Any CPU
		{784E9713-131C-4A1A-9D5A-F40017C7712F}.Debug|Any CPU.ActiveCfg = Debug|Any CPU
		{784E9713-131C-4A1A-9D5A-F40017C7712F}.Debug|Any CPU.Build.0 = Debug|Any CPU
		{784E9713-131C-4A1A-9D5A-F40017C7712F}.Release|Any CPU.ActiveCfg = Release|Any CPU
		{784E9713-131C-4A1A-9D5A-F40017C7712F}.Release|Any CPU.Build.0 = Release|Any CPU
	EndGlobalSection
	GlobalSection(SolutionProperties) = preSolution
		HideSolutionNode = FALSE
	EndGlobalSection
	GlobalSection(ExtensibilityGlobals) = postSolution
		SolutionGuid = {BFE6B455-0411-4709-8C2E-85F147424D16}
	EndGlobalSection
EndGlobal
